// !$*UTF8*$!
{
	archiveVersion = 1;
	classes = {
	};
	objectVersion = 50;
	objects = {

/* Begin PBXBuildFile section */
		8ABC92EE24A4C39A00C619BC /* AppDelegate.swift in Sources */ = {isa = PBXBuildFile; fileRef = 8ABC92ED24A4C39A00C619BC /* AppDelegate.swift */; };
		8ABC92F024A4C39A00C619BC /* SceneDelegate.swift in Sources */ = {isa = PBXBuildFile; fileRef = 8ABC92EF24A4C39A00C619BC /* SceneDelegate.swift */; };
		8ABC92F224A4C39A00C619BC /* CatagoryVC.swift in Sources */ = {isa = PBXBuildFile; fileRef = 8ABC92F124A4C39A00C619BC /* CatagoryVC.swift */; };
		8ABC92F524A4C39A00C619BC /* Main.storyboard in Resources */ = {isa = PBXBuildFile; fileRef = 8ABC92F324A4C39A00C619BC /* Main.storyboard */; };
		8ABC92F724A4C39A00C619BC /* Assets.xcassets in Resources */ = {isa = PBXBuildFile; fileRef = 8ABC92F624A4C39A00C619BC /* Assets.xcassets */; };
		8ABC92FA24A4C39A00C619BC /* LaunchScreen.storyboard in Resources */ = {isa = PBXBuildFile; fileRef = 8ABC92F824A4C39A00C619BC /* LaunchScreen.storyboard */; };
		8ABC930524A4C9A500C619BC /* CategoryCell.swift in Sources */ = {isa = PBXBuildFile; fileRef = 8ABC930424A4C9A500C619BC /* CategoryCell.swift */; };
/* End PBXBuildFile section */

/* Begin PBXFileReference section */
		8ABC92EA24A4C39A00C619BC /* coder-swag.app */ = {isa = PBXFileReference; explicitFileType = wrapper.application; includeInIndex = 0; path = "coder-swag.app"; sourceTree = BUILT_PRODUCTS_DIR; };
		8ABC92ED24A4C39A00C619BC /* AppDelegate.swift */ = {isa = PBXFileReference; lastKnownFileType = sourcecode.swift; path = AppDelegate.swift; sourceTree = "<group>"; };
		8ABC92EF24A4C39A00C619BC /* SceneDelegate.swift */ = {isa = PBXFileReference; lastKnownFileType = sourcecode.swift; path = SceneDelegate.swift; sourceTree = "<group>"; };
		8ABC92F124A4C39A00C619BC /* CatagoryVC.swift */ = {isa = PBXFileReference; lastKnownFileType = sourcecode.swift; path = CatagoryVC.swift; sourceTree = "<group>"; };
		8ABC92F424A4C39A00C619BC /* Base */ = {isa = PBXFileReference; lastKnownFileType = file.storyboard; name = Base; path = Base.lproj/Main.storyboard; sourceTree = "<group>"; };
		8ABC92F624A4C39A00C619BC /* Assets.xcassets */ = {isa = PBXFileReference; lastKnownFileType = folder.assetcatalog; path = Assets.xcassets; sourceTree = "<group>"; };
		8ABC92F924A4C39A00C619BC /* Base */ = {isa = PBXFileReference; lastKnownFileType = file.storyboard; name = Base; path = Base.lproj/LaunchScreen.storyboard; sourceTree = "<group>"; };
		8ABC92FB24A4C39A00C619BC /* Info.plist */ = {isa = PBXFileReference; lastKnownFileType = text.plist.xml; path = Info.plist; sourceTree = "<group>"; };
		8ABC930424A4C9A500C619BC /* CategoryCell.swift */ = {isa = PBXFileReference; lastKnownFileType = sourcecode.swift; path = CategoryCell.swift; sourceTree = "<group>"; };
/* End PBXFileReference section */

/* Begin PBXFrameworksBuildPhase section */
		8ABC92E724A4C39A00C619BC /* Frameworks */ = {
			isa = PBXFrameworksBuildPhase;
			buildActionMask = 2147483647;
			files = (
			);
			runOnlyForDeploymentPostprocessing = 0;
		};
/* End PBXFrameworksBuildPhase section */

/* Begin PBXGroup section */
		8ABC92E124A4C39A00C619BC = {
			isa = PBXGroup;
			children = (
				8ABC92EC24A4C39A00C619BC /* coder-swag */,
				8ABC92EB24A4C39A00C619BC /* Products */,
			);
			sourceTree = "<group>";
		};
		8ABC92EB24A4C39A00C619BC /* Products */ = {
			isa = PBXGroup;
			children = (
				8ABC92EA24A4C39A00C619BC /* coder-swag.app */,
			);
			name = Products;
			sourceTree = "<group>";
		};
		8ABC92EC24A4C39A00C619BC /* coder-swag */ = {
			isa = PBXGroup;
			children = (
				8ABC930324A4C8A800C619BC /* View */,
				8ABC930224A4C8A000C619BC /* Model */,
				8ABC930124A4C89800C619BC /* Controller */,
				8ABC92ED24A4C39A00C619BC /* AppDelegate.swift */,
				8ABC92EF24A4C39A00C619BC /* SceneDelegate.swift */,
				8ABC92F324A4C39A00C619BC /* Main.storyboard */,
				8ABC92F624A4C39A00C619BC /* Assets.xcassets */,
				8ABC92F824A4C39A00C619BC /* LaunchScreen.storyboard */,
				8ABC92FB24A4C39A00C619BC /* Info.plist */,
			);
			path = "coder-swag";
			sourceTree = "<group>";
		};
		8ABC930124A4C89800C619BC /* Controller */ = {
			isa = PBXGroup;
			children = (
				8ABC92F124A4C39A00C619BC /* CatagoryVC.swift */,
			);
			path = Controller;
			sourceTree = "<group>";
		};
		8ABC930224A4C8A000C619BC /* Model */ = {
			isa = PBXGroup;
			children = (
			);
			path = Model;
			sourceTree = "<group>";
		};
		8ABC930324A4C8A800C619BC /* View */ = {
			isa = PBXGroup;
			children = (
				8ABC930424A4C9A500C619BC /* CategoryCell.swift */,
			);
			path = View;
			sourceTree = "<group>";
		};
/* End PBXGroup section */

/* Begin PBXNativeTarget section */
		8ABC92E924A4C39A00C619BC /* coder-swag */ = {
			isa = PBXNativeTarget;
			buildConfigurationList = 8ABC92FE24A4C39A00C619BC /* Build configuration list for PBXNativeTarget "coder-swag" */;
			buildPhases = (
				8ABC92E624A4C39A00C619BC /* Sources */,
				8ABC92E724A4C39A00C619BC /* Frameworks */,
				8ABC92E824A4C39A00C619BC /* Resources */,
			);
			buildRules = (
			);
			dependencies = (
			);
			name = "coder-swag";
			productName = "coder-swag";
			productReference = 8ABC92EA24A4C39A00C619BC /* coder-swag.app */;
			productType = "com.apple.product-type.application";
		};
/* End PBXNativeTarget section */

/* Begin PBXProject section */
		8ABC92E224A4C39A00C619BC /* Project object */ = {
			isa = PBXProject;
			attributes = {
				LastSwiftUpdateCheck = 1150;
				LastUpgradeCheck = 1150;
				ORGANIZATIONNAME = "Tom Woodley";
				TargetAttributes = {
					8ABC92E924A4C39A00C619BC = {
						CreatedOnToolsVersion = 11.5;
					};
				};
			};
			buildConfigurationList = 8ABC92E524A4C39A00C619BC /* Build configuration list for PBXProject "coder-swag" */;
			compatibilityVersion = "Xcode 9.3";
			developmentRegion = en;
			hasScannedForEncodings = 0;
			knownRegions = (
				en,
				Base,
			);
			mainGroup = 8ABC92E124A4C39A00C619BC;
			productRefGroup = 8ABC92EB24A4C39A00C619BC /* Products */;
			projectDirPath = "";
			projectRoot = "";
			targets = (
				8ABC92E924A4C39A00C619BC /* coder-swag */,
			);
		};
/* End PBXProject section */

/* Begin PBXResourcesBuildPhase section */
		8ABC92E824A4C39A00C619BC /* Resources */ = {
			isa = PBXResourcesBuildPhase;
			buildActionMask = 2147483647;
			files = (
				8ABC92FA24A4C39A00C619BC /* LaunchScreen.storyboard in Resources */,
				8ABC92F724A4C39A00C619BC /* Assets.xcassets in Resources */,
				8ABC92F524A4C39A00C619BC /* Main.storyboard in Resources */,
			);
			runOnlyForDeploymentPostprocessing = 0;
		};
/* End PBXResourcesBuildPhase section */

/* Begin PBXSourcesBuildPhase section */
		8ABC92E624A4C39A00C619BC /* Sources */ = {
			isa = PBXSourcesBuildPhase;
			buildActionMask = 2147483647;
			files = (
				8ABC92F224A4C39A00C619BC /* CatagoryVC.swift in Sources */,
				8ABC92EE24A4C39A00C619BC /* AppDelegate.swift in Sources */,
				8ABC92F024A4C39A00C619BC /* SceneDelegate.swift in Sources */,
				8ABC930524A4C9A500C619BC /* CategoryCell.swift in Sources */,
			);
			runOnlyForDeploymentPostprocessing = 0;
		};
/* End PBXSourcesBuildPhase section */

/* Begin PBXVariantGroup section */
		8ABC92F324A4C39A00C619BC /* Main.storyboard */ = {
			isa = PBXVariantGroup;
			children = (
				8ABC92F424A4C39A00C619BC /* Base */,
			);
			name = Main.storyboard;
			sourceTree = "<group>";
		};
		8ABC92F824A4C39A00C619BC /* LaunchScreen.storyboard */ = {
			isa = PBXVariantGroup;
			children = (
				8ABC92F924A4C39A00C619BC /* Base */,
			);
			name = LaunchScreen.storyboard;
			sourceTree = "<group>";
		};
/* End PBXVariantGroup section */

/* Begin XCBuildConfiguration section */
		8ABC92FC24A4C39A00C619BC /* Debug */ = {
			isa = XCBuildConfiguration;
			buildSettings = {
				ALWAYS_SEARCH_USER_PATHS = NO;
				CLANG_ANALYZER_NONNULL = YES;
				CLANG_ANALYZER_NUMBER_OBJECT_CONVERSION = YES_AGGRESSIVE;
				CLANG_CXX_LANGUAGE_STANDARD = "gnu++14";
				CLANG_CXX_LIBRARY = "libc++";
				CLANG_ENABLE_MODULES = YES;
				CLANG_ENABLE_OBJC_ARC = YES;
				CLANG_ENABLE_OBJC_WEAK = YES;
				CLANG_WARN_BLOCK_CAPTURE_AUTORELEASING = YES;
				CLANG_WARN_BOOL_CONVERSION = YES;
				CLANG_WARN_COMMA = YES;
				CLANG_WARN_CONSTANT_CONVERSION = YES;
				CLANG_WARN_DEPRECATED_OBJC_IMPLEMENTATIONS = YES;
				CLANG_WARN_DIRECT_OBJC_ISA_USAGE = YES_ERROR;
				CLANG_WARN_DOCUMENTATION_COMMENTS = YES;
				CLANG_WARN_EMPTY_BODY = YES;
				CLANG_WARN_ENUM_CONVERSION = YES;
				CLANG_WARN_INFINITE_RECURSION = YES;
				CLANG_WARN_INT_CONVERSION = YES;
				CLANG_WARN_NON_LITERAL_NULL_CONVERSION = YES;
				CLANG_WARN_OBJC_IMPLICIT_RETAIN_SELF = YES;
				CLANG_WARN_OBJC_LITERAL_CONVERSION = YES;
				CLANG_WARN_OBJC_ROOT_CLASS = YES_ERROR;
				CLANG_WARN_RANGE_LOOP_ANALYSIS = YES;
				CLANG_WARN_STRICT_PROTOTYPES = YES;
				CLANG_WARN_SUSPICIOUS_MOVE = YES;
				CLANG_WARN_UNGUARDED_AVAILABILITY = YES_AGGRESSIVE;
				CLANG_WARN_UNREACHABLE_CODE = YES;
				CLANG_WARN__DUPLICATE_METHOD_MATCH = YES;
				COPY_PHASE_STRIP = NO;
				DEBUG_INFORMATION_FORMAT = dwarf;
				ENABLE_STRICT_OBJC_MSGSEND = YES;
				ENABLE_TESTABILITY = YES;
				GCC_C_LANGUAGE_STANDARD = gnu11;
				GCC_DYNAMIC_NO_PIC = NO;
				GCC_NO_COMMON_BLOCKS = YES;
				GCC_OPTIMIZATION_LEVEL = 0;
				GCC_PREPROCESSOR_DEFINITIONS = (
					"DEBUG=1",
					"$(inherited)",
				);
				GCC_WARN_64_TO_32_BIT_CONVERSION = YES;
				GCC_WARN_ABOUT_RETURN_TYPE = YES_ERROR;
				GCC_WARN_UNDECLARED_SELECTOR = YES;
				GCC_WARN_UNINITIALIZED_AUTOS = YES_AGGRESSIVE;
				GCC_WARN_UNUSED_FUNCTION = YES;
				GCC_WARN_UNUSED_VARIABLE = YES;
				IPHONEOS_DEPLOYMENT_TARGET = 13.5;
				MTL_ENABLE_DEBUG_INFO = INCLUDE_SOURCE;
				MTL_FAST_MATH = YES;
				ONLY_ACTIVE_ARCH = YES;
				SDKROOT = iphoneos;
				SWIFT_ACTIVE_COMPILATION_CONDITIONS = DEBUG;
				SWIFT_OPTIMIZATION_LEVEL = "-Onone";
			};
			name = Debug;
		};
		8ABC92FD24A4C39A00C619BC /* Release */ = {
			isa = XCBuildConfiguration;
			buildSettings = {
				ALWAYS_SEARCH_USER_PATHS = NO;
				CLANG_ANALYZER_NONNULL = YES;
				CLANG_ANALYZER_NUMBER_OBJECT_CONVERSION = YES_AGGRESSIVE;
				CLANG_CXX_LANGUAGE_STANDARD = "gnu++14";
				CLANG_CXX_LIBRARY = "libc++";
				CLANG_ENABLE_MODULES = YES;
				CLANG_ENABLE_OBJC_ARC = YES;
				CLANG_ENABLE_OBJC_WEAK = YES;
				CLANG_WARN_BLOCK_CAPTURE_AUTORELEASING = YES;
				CLANG_WARN_BOOL_CONVERSION = YES;
				CLANG_WARN_COMMA = YES;
				CLANG_WARN_CONSTANT_CONVERSION = YES;
				CLANG_WARN_DEPRECATED_OBJC_IMPLEMENTATIONS = YES;
				CLANG_WARN_DIRECT_OBJC_ISA_USAGE = YES_ERROR;
				CLANG_WARN_DOCUMENTATION_COMMENTS = YES;
				CLANG_WARN_EMPTY_BODY = YES;
				CLANG_WARN_ENUM_CONVERSION = YES;
				CLANG_WARN_INFINITE_RECURSION = YES;
				CLANG_WARN_INT_CONVERSION = YES;
				CLANG_WARN_NON_LITERAL_NULL_CONVERSION = YES;
				CLANG_WARN_OBJC_IMPLICIT_RETAIN_SELF = YES;
				CLANG_WARN_OBJC_LITERAL_CONVERSION = YES;
				CLANG_WARN_OBJC_ROOT_CLASS = YES_ERROR;
				CLANG_WARN_RANGE_LOOP_ANALYSIS = YES;
				CLANG_WARN_STRICT_PROTOTYPES = YES;
				CLANG_WARN_SUSPICIOUS_MOVE = YES;
				CLANG_WARN_UNGUARDED_AVAILABILITY = YES_AGGRESSIVE;
				CLANG_WARN_UNREACHABLE_CODE = YES;
				CLANG_WARN__DUPLICATE_METHOD_MATCH = YES;
				COPY_PHASE_STRIP = NO;
				DEBUG_INFORMATION_FORMAT = "dwarf-with-dsym";
				ENABLE_NS_ASSERTIONS = NO;
				ENABLE_STRICT_OBJC_MSGSEND = YES;
				GCC_C_LANGUAGE_STANDARD = gnu11;
				GCC_NO_COMMON_BLOCKS = YES;
				GCC_WARN_64_TO_32_BIT_CONVERSION = YES;
				GCC_WARN_ABOUT_RETURN_TYPE = YES_ERROR;
				GCC_WARN_UNDECLARED_SELECTOR = YES;
				GCC_WARN_UNINITIALIZED_AUTOS = YES_AGGRESSIVE;
				GCC_WARN_UNUSED_FUNCTION = YES;
				GCC_WARN_UNUSED_VARIABLE = YES;
				IPHONEOS_DEPLOYMENT_TARGET = 13.5;
				MTL_ENABLE_DEBUG_INFO = NO;
				MTL_FAST_MATH = YES;
				SDKROOT = iphoneos;
				SWIFT_COMPILATION_MODE = wholemodule;
				SWIFT_OPTIMIZATION_LEVEL = "-O";
				VALIDATE_PRODUCT = YES;
			};
			name = Release;
		};
		8ABC92FF24A4C39A00C619BC /* Debug */ = {
			isa = XCBuildConfiguration;
			buildSettings = {
				ASSETCATALOG_COMPILER_APPICON_NAME = AppIcon;
				CODE_SIGN_STYLE = Automatic;
				DEVELOPMENT_TEAM = PBZ3X6FLRY;
				INFOPLIST_FILE = "coder-swag/Info.plist";
				LD_RUNPATH_SEARCH_PATHS = (
					"$(inherited)",
					"@executable_path/Frameworks",
				);
				PRODUCT_BUNDLE_IDENTIFIER = "twoodley.coder-swag";
				PRODUCT_NAME = "$(TARGET_NAME)";
				SWIFT_VERSION = 5.0;
				TARGETED_DEVICE_FAMILY = "1,2";
			};
			name = Debug;
		};
		8ABC930024A4C39A00C619BC /* Release */ = {
			isa = XCBuildConfiguration;
			buildSettings = {
				ASSETCATALOG_COMPILER_APPICON_NAME = AppIcon;
				CODE_SIGN_STYLE = Automatic;
				DEVELOPMENT_TEAM = PBZ3X6FLRY;
				INFOPLIST_FILE = "coder-swag/Info.plist";
				LD_RUNPATH_SEARCH_PATHS = (
					"$(inherited)",
					"@executable_path/Frameworks",
				);
				PRODUCT_BUNDLE_IDENTIFIER = "twoodley.coder-swag";
				PRODUCT_NAME = "$(TARGET_NAME)";
				SWIFT_VERSION = 5.0;
				TARGETED_DEVICE_FAMILY = "1,2";
			};
			name = Release;
		};
/* End XCBuildConfiguration section */

/* Begin XCConfigurationList section */
		8ABC92E524A4C39A00C619BC /* Build configuration list for PBXProject "coder-swag" */ = {
			isa = XCConfigurationList;
			buildConfigurations = (
				8ABC92FC24A4C39A00C619BC /* Debug */,
				8ABC92FD24A4C39A00C619BC /* Release */,
			);
			defaultConfigurationIsVisible = 0;
			defaultConfigurationName = Release;
		};
		8ABC92FE24A4C39A00C619BC /* Build configuration list for PBXNativeTarget "coder-swag" */ = {
			isa = XCConfigurationList;
			buildConfigurations = (
				8ABC92FF24A4C39A00C619BC /* Debug */,
				8ABC930024A4C39A00C619BC /* Release */,
			);
			defaultConfigurationIsVisible = 0;
			defaultConfigurationName = Release;
		};
/* End XCConfigurationList section */
	};
	rootObject = 8ABC92E224A4C39A00C619BC /* Project object */;
}
